
Microsoft Visual Studio Solution File, Format Version 12.00
# Visual Studio Version 17
VisualStudioVersion = 17.4.33110.190
MinimumVisualStudioVersion = 10.0.40219.1
Project("{FAE04EC0-301F-11D3-BF4B-00C04F79EFBC}") = "Diary.Api", "Diary.Api\Diary.Api.csproj", "{15350FA2-6E9D-4DE2-B84B-8F12E1A88C69}"
EndProject
Project("{FAE04EC0-301F-11D3-BF4B-00C04F79EFBC}") = "Diary.Data", "Diary.Data\Diary.Data.csproj", "{5ABD873D-FE80-4A6D-BEF7-306B7BF7C1B6}"
EndProject
Global
	GlobalSection(SolutionConfigurationPlatforms) = preSolution
		Debug|Any CPU = Debug|Any CPU
		Release|Any CPU = Release|Any CPU
	EndGlobalSection
	GlobalSection(ProjectConfigurationPlatforms) = postSolution
		{15350FA2-6E9D-4DE2-B84B-8F12E1A88C69}.Debug|Any CPU.ActiveCfg = Debug|Any CPU
		{15350FA2-6E9D-4DE2-B84B-8F12E1A88C69}.Debug|Any CPU.Build.0 = Debug|Any CPU
		{15350FA2-6E9D-4DE2-B84B-8F12E1A88C69}.Release|Any CPU.ActiveCfg = Release|Any CPU
		{15350FA2-6E9D-4DE2-B84B-8F12E1A88C69}.Release|Any CPU.Build.0 = Release|Any CPU
		{5ABD873D-FE80-4A6D-BEF7-306B7BF7C1B6}.Debug|Any CPU.ActiveCfg = Debug|Any CPU
		{5ABD873D-FE80-4A6D-BEF7-306B7BF7C1B6}.Debug|Any CPU.Build.0 = Debug|Any CPU
		{5ABD873D-FE80-4A6D-BEF7-306B7BF7C1B6}.Release|Any CPU.ActiveCfg = Release|Any CPU
		{5ABD873D-FE80-4A6D-BEF7-306B7BF7C1B6}.Release|Any CPU.Build.0 = Release|Any CPU
	EndGlobalSection
	GlobalSection(SolutionProperties) = preSolution
		HideSolutionNode = FALSE
	EndGlobalSection
	GlobalSection(ExtensibilityGlobals) = postSolution
		SolutionGuid = {AA546D79-D924-4EF6-B022-E1FCD00E1D88}
	EndGlobalSection
EndGlobal
